
Microsoft Visual Studio Solution File, Format Version 12.00
# Visual Studio 2012
Project("{FAE04EC0-301F-11D3-BF4B-00C04F79EFBC}") = "UnityDI", "UnityDI\UnityDI.csproj", "{F1BAB60A-25A0-4759-B709-99BED2ADF1B1}"
EndProject
Global
	GlobalSection(SolutionConfigurationPlatforms) = preSolution
		Debug|Any CPU = Debug|Any CPU
		Release|Any CPU = Release|Any CPU
	EndGlobalSection
	GlobalSection(ProjectConfigurationPlatforms) = postSolution
		{F1BAB60A-25A0-4759-B709-99BED2ADF1B1}.Debug|Any CPU.ActiveCfg = Debug|Any CPU
		{F1BAB60A-25A0-4759-B709-99BED2ADF1B1}.Debug|Any CPU.Build.0 = Debug|Any CPU
		{F1BAB60A-25A0-4759-B709-99BED2ADF1B1}.Release|Any CPU.ActiveCfg = Release|Any CPU
		{F1BAB60A-25A0-4759-B709-99BED2ADF1B1}.Release|Any CPU.Build.0 = Release|Any CPU
	EndGlobalSection
	GlobalSection(SolutionProperties) = preSolution
		HideSolutionNode = FALSE
	EndGlobalSection
EndGlobal
